
Microsoft Visual Studio Solution File, Format Version 12.00
# Visual Studio Version 16
VisualStudioVersion = 16.0.31321.278
MinimumVisualStudioVersion = 10.0.40219.1
Project("{FAE04EC0-301F-11D3-BF4B-00C04F79EFBC}") = "LoginFlowTest.Android", "LoginFlowTest.Android\LoginFlowTest.Android.csproj", "{63AD62F6-055B-4103-A312-BDD9FE176A34}"
EndProject
Project("{FAE04EC0-301F-11D3-BF4B-00C04F79EFBC}") = "LoginFlowTest", "LoginFlowTest\LoginFlowTest.csproj", "{2D442DA1-11E5-4BE6-8392-4F9987B12D98}"
EndProject
Global
	GlobalSection(SolutionConfigurationPlatforms) = preSolution
		Debug|Any CPU = Debug|Any CPU
		Release|Any CPU = Release|Any CPU
	EndGlobalSection
	GlobalSection(ProjectConfigurationPlatforms) = postSolution
		{63AD62F6-055B-4103-A312-BDD9FE176A34}.Debug|Any CPU.ActiveCfg = Debug|Any CPU
		{63AD62F6-055B-4103-A312-BDD9FE176A34}.Debug|Any CPU.Build.0 = Debug|Any CPU
		{63AD62F6-055B-4103-A312-BDD9FE176A34}.Debug|Any CPU.Deploy.0 = Debug|Any CPU
		{63AD62F6-055B-4103-A312-BDD9FE176A34}.Release|Any CPU.ActiveCfg = Release|Any CPU
		{63AD62F6-055B-4103-A312-BDD9FE176A34}.Release|Any CPU.Build.0 = Release|Any CPU
		{63AD62F6-055B-4103-A312-BDD9FE176A34}.Release|Any CPU.Deploy.0 = Release|Any CPU
		{2D442DA1-11E5-4BE6-8392-4F9987B12D98}.Debug|Any CPU.ActiveCfg = Debug|Any CPU
		{2D442DA1-11E5-4BE6-8392-4F9987B12D98}.Debug|Any CPU.Build.0 = Debug|Any CPU
		{2D442DA1-11E5-4BE6-8392-4F9987B12D98}.Debug|Any CPU.Deploy.0 = Debug|Any CPU
		{2D442DA1-11E5-4BE6-8392-4F9987B12D98}.Release|Any CPU.ActiveCfg = Release|Any CPU
		{2D442DA1-11E5-4BE6-8392-4F9987B12D98}.Release|Any CPU.Build.0 = Release|Any CPU
		{2D442DA1-11E5-4BE6-8392-4F9987B12D98}.Release|Any CPU.Deploy.0 = Release|Any CPU
	EndGlobalSection
	GlobalSection(SolutionProperties) = preSolution
		HideSolutionNode = FALSE
	EndGlobalSection
	GlobalSection(ExtensibilityGlobals) = postSolution
		SolutionGuid = {0CC2F641-C694-49A4-8479-539057779CE6}
	EndGlobalSection
EndGlobal
